
Microsoft Visual Studio Solution File, Format Version 12.00
# Visual Studio 14
VisualStudioVersion = 14.0.24720.0
MinimumVisualStudioVersion = 10.0.40219.1
Project("{FAE04EC0-301F-11D3-BF4B-00C04F79EFBC}") = "loreal-print", "loreal-print\loreal-print.csproj", "{3DF926CE-377A-49D9-8F11-F1DC55F24784}"
EndProject
Project("{FAE04EC0-301F-11D3-BF4B-00C04F79EFBC}") = "loreal-print.Tests", "loreal-print.Tests\loreal-print.Tests.csproj", "{43CA46E3-A5BA-44D6-AFEE-38E3817BEFF4}"
EndProject
Global
	GlobalSection(SolutionConfigurationPlatforms) = preSolution
		Debug|Any CPU = Debug|Any CPU
		Release|Any CPU = Release|Any CPU
	EndGlobalSection
	GlobalSection(ProjectConfigurationPlatforms) = postSolution
		{3DF926CE-377A-49D9-8F11-F1DC55F24784}.Debug|Any CPU.ActiveCfg = Debug|Any CPU
		{3DF926CE-377A-49D9-8F11-F1DC55F24784}.Debug|Any CPU.Build.0 = Debug|Any CPU
		{3DF926CE-377A-49D9-8F11-F1DC55F24784}.Release|Any CPU.ActiveCfg = Release|Any CPU
		{3DF926CE-377A-49D9-8F11-F1DC55F24784}.Release|Any CPU.Build.0 = Release|Any CPU
		{43CA46E3-A5BA-44D6-AFEE-38E3817BEFF4}.Debug|Any CPU.ActiveCfg = Debug|Any CPU
		{43CA46E3-A5BA-44D6-AFEE-38E3817BEFF4}.Debug|Any CPU.Build.0 = Debug|Any CPU
		{43CA46E3-A5BA-44D6-AFEE-38E3817BEFF4}.Release|Any CPU.ActiveCfg = Release|Any CPU
		{43CA46E3-A5BA-44D6-AFEE-38E3817BEFF4}.Release|Any CPU.Build.0 = Release|Any CPU
	EndGlobalSection
	GlobalSection(SolutionProperties) = preSolution
		HideSolutionNode = FALSE
	EndGlobalSection
EndGlobal
